
Microsoft Visual Studio Solution File, Format Version 12.00
# Visual Studio Version 17
VisualStudioVersion = 17.14.36301.6 d17.14
MinimumVisualStudioVersion = 10.0.40219.1
Project("{FAE04EC0-301F-11D3-BF4B-00C04F79EFBC}") = "PaymentIntegrations", "PaymentIntegrations\PaymentIntegrations.csproj", "{DE593C2B-5D31-4A05-B2E4-84ECD92C5C02}"
EndProject
Global
	GlobalSection(SolutionConfigurationPlatforms) = preSolution
		Debug|Any CPU = Debug|Any CPU
		Release|Any CPU = Release|Any CPU
	EndGlobalSection
	GlobalSection(ProjectConfigurationPlatforms) = postSolution
		{DE593C2B-5D31-4A05-B2E4-84ECD92C5C02}.Debug|Any CPU.ActiveCfg = Debug|Any CPU
		{DE593C2B-5D31-4A05-B2E4-84ECD92C5C02}.Debug|Any CPU.Build.0 = Debug|Any CPU
		{DE593C2B-5D31-4A05-B2E4-84ECD92C5C02}.Release|Any CPU.ActiveCfg = Release|Any CPU
		{DE593C2B-5D31-4A05-B2E4-84ECD92C5C02}.Release|Any CPU.Build.0 = Release|Any CPU
	EndGlobalSection
	GlobalSection(SolutionProperties) = preSolution
		HideSolutionNode = FALSE
	EndGlobalSection
	GlobalSection(ExtensibilityGlobals) = postSolution
		SolutionGuid = {AD724E43-5522-4AC2-9A46-A775E3C1DD9A}
	EndGlobalSection
EndGlobal
